// !$*UTF8*$!
{
	archiveVersion = 1;
	classes = {
	};
	objectVersion = 56;
	objects = {

/* Begin PBXBuildFile section */
		6412DD8C2B98D321009CBBFA /* OrderView.swift in Sources */ = {isa = PBXBuildFile; fileRef = 6412DD8B2B98D321009CBBFA /* OrderView.swift */; };
		6412DD8E2B98D34E009CBBFA /* MenuView.swift in Sources */ = {isa = PBXBuildFile; fileRef = 6412DD8D2B98D34E009CBBFA /* MenuView.swift */; };
		6412DD902B98D417009CBBFA /* MenuItemView.swift in Sources */ = {isa = PBXBuildFile; fileRef = 6412DD8F2B98D417009CBBFA /* MenuItemView.swift */; };
		6412DD922B98D434009CBBFA /* MenuRowView.swift in Sources */ = {isa = PBXBuildFile; fileRef = 6412DD912B98D434009CBBFA /* MenuRowView.swift */; };
		6412DD942B98D44F009CBBFA /* OrderRowView.swift in Sources */ = {isa = PBXBuildFile; fileRef = 6412DD932B98D44F009CBBFA /* OrderRowView.swift */; };
		6412DD962B98D471009CBBFA /* HeaderView.swift in Sources */ = {isa = PBXBuildFile; fileRef = 6412DD952B98D471009CBBFA /* HeaderView.swift */; };
		641DAD762BAB31A200CCC70A /* MenuItemTileView.swift in Sources */ = {isa = PBXBuildFile; fileRef = 641DAD752BAB31A200CCC70A /* MenuItemTileView.swift */; };
		641DAD782BAB330200CCC70A /* MenuGridView.swift in Sources */ = {isa = PBXBuildFile; fileRef = 641DAD772BAB330200CCC70A /* MenuGridView.swift */; };
		641DAD7A2BAB362C00CCC70A /* FavoriteTileView.swift in Sources */ = {isa = PBXBuildFile; fileRef = 641DAD792BAB362C00CCC70A /* FavoriteTileView.swift */; };
		64832FE02BA6D92200F18640 /* MenuItem.swift in Sources */ = {isa = PBXBuildFile; fileRef = 64832FDB2BA6D92200F18640 /* MenuItem.swift */; };
		64832FE12BA6D92200F18640 /* MenuModel.swift in Sources */ = {isa = PBXBuildFile; fileRef = 64832FDC2BA6D92200F18640 /* MenuModel.swift */; };
		64832FE22BA6D92200F18640 /* OrderItem.swift in Sources */ = {isa = PBXBuildFile; fileRef = 64832FDD2BA6D92200F18640 /* OrderItem.swift */; };
		64832FE32BA6D92200F18640 /* OrderModel.swift in Sources */ = {isa = PBXBuildFile; fileRef = 64832FDE2BA6D92200F18640 /* OrderModel.swift */; };
		64832FE52BA8467100F18640 /* StatusBarView.swift in Sources */ = {isa = PBXBuildFile; fileRef = 64832FE42BA8467100F18640 /* StatusBarView.swift */; };
		64832FE72BA858F600F18640 /* OrderItemView.swift in Sources */ = {isa = PBXBuildFile; fileRef = 64832FE62BA858F600F18640 /* OrderItemView.swift */; };
		64A5D4482B8B44D500B0E811 /* PizzaCornerApp.swift in Sources */ = {isa = PBXBuildFile; fileRef = 64A5D4472B8B44D500B0E811 /* PizzaCornerApp.swift */; };
		64A5D44A2B8B44D500B0E811 /* ContentView.swift in Sources */ = {isa = PBXBuildFile; fileRef = 64A5D4492B8B44D500B0E811 /* ContentView.swift */; };
		64A5D44C2B8B44D800B0E811 /* Assets.xcassets in Resources */ = {isa = PBXBuildFile; fileRef = 64A5D44B2B8B44D800B0E811 /* Assets.xcassets */; };
		64A5D44F2B8B44D800B0E811 /* Preview Assets.xcassets in Resources */ = {isa = PBXBuildFile; fileRef = 64A5D44E2B8B44D800B0E811 /* Preview Assets.xcassets */; };
		64EC6E832B9F243900FBCD4B /* RatingsView.swift in Sources */ = {isa = PBXBuildFile; fileRef = 64EC6E822B9F243900FBCD4B /* RatingsView.swift */; };
/* End PBXBuildFile section */

/* Begin PBXFileReference section */
		6412DD8B2B98D321009CBBFA /* OrderView.swift */ = {isa = PBXFileReference; lastKnownFileType = sourcecode.swift; path = OrderView.swift; sourceTree = "<group>"; };
		6412DD8D2B98D34E009CBBFA /* MenuView.swift */ = {isa = PBXFileReference; lastKnownFileType = sourcecode.swift; path = MenuView.swift; sourceTree = "<group>"; };
		6412DD8F2B98D417009CBBFA /* MenuItemView.swift */ = {isa = PBXFileReference; lastKnownFileType = sourcecode.swift; path = MenuItemView.swift; sourceTree = "<group>"; };
		6412DD912B98D434009CBBFA /* MenuRowView.swift */ = {isa = PBXFileReference; lastKnownFileType = sourcecode.swift; path = MenuRowView.swift; sourceTree = "<group>"; };
		6412DD932B98D44F009CBBFA /* OrderRowView.swift */ = {isa = PBXFileReference; lastKnownFileType = sourcecode.swift; path = OrderRowView.swift; sourceTree = "<group>"; };
		6412DD952B98D471009CBBFA /* HeaderView.swift */ = {isa = PBXFileReference; lastKnownFileType = sourcecode.swift; path = HeaderView.swift; sourceTree = "<group>"; };
		641DAD752BAB31A200CCC70A /* MenuItemTileView.swift */ = {isa = PBXFileReference; fileEncoding = 4; lastKnownFileType = sourcecode.swift; path = MenuItemTileView.swift; sourceTree = "<group>"; };
		641DAD772BAB330200CCC70A /* MenuGridView.swift */ = {isa = PBXFileReference; lastKnownFileType = sourcecode.swift; path = MenuGridView.swift; sourceTree = "<group>"; };
		641DAD792BAB362C00CCC70A /* FavoriteTileView.swift */ = {isa = PBXFileReference; fileEncoding = 4; lastKnownFileType = sourcecode.swift; path = FavoriteTileView.swift; sourceTree = "<group>"; };
		64832FDB2BA6D92200F18640 /* MenuItem.swift */ = {isa = PBXFileReference; fileEncoding = 4; lastKnownFileType = sourcecode.swift; path = MenuItem.swift; sourceTree = "<group>"; };
		64832FDC2BA6D92200F18640 /* MenuModel.swift */ = {isa = PBXFileReference; fileEncoding = 4; lastKnownFileType = sourcecode.swift; path = MenuModel.swift; sourceTree = "<group>"; };
		64832FDD2BA6D92200F18640 /* OrderItem.swift */ = {isa = PBXFileReference; fileEncoding = 4; lastKnownFileType = sourcecode.swift; path = OrderItem.swift; sourceTree = "<group>"; };
		64832FDE2BA6D92200F18640 /* OrderModel.swift */ = {isa = PBXFileReference; fileEncoding = 4; lastKnownFileType = sourcecode.swift; path = OrderModel.swift; sourceTree = "<group>"; };
		64832FE42BA8467100F18640 /* StatusBarView.swift */ = {isa = PBXFileReference; lastKnownFileType = sourcecode.swift; path = StatusBarView.swift; sourceTree = "<group>"; };
		64832FE62BA858F600F18640 /* OrderItemView.swift */ = {isa = PBXFileReference; lastKnownFileType = sourcecode.swift; path = OrderItemView.swift; sourceTree = "<group>"; };
		64A5D4442B8B44D500B0E811 /* PizzaCorner.app */ = {isa = PBXFileReference; explicitFileType = wrapper.application; includeInIndex = 0; path = PizzaCorner.app; sourceTree = BUILT_PRODUCTS_DIR; };
		64A5D4472B8B44D500B0E811 /* PizzaCornerApp.swift */ = {isa = PBXFileReference; lastKnownFileType = sourcecode.swift; path = PizzaCornerApp.swift; sourceTree = "<group>"; };
		64A5D4492B8B44D500B0E811 /* ContentView.swift */ = {isa = PBXFileReference; lastKnownFileType = sourcecode.swift; path = ContentView.swift; sourceTree = "<group>"; };
		64A5D44B2B8B44D800B0E811 /* Assets.xcassets */ = {isa = PBXFileReference; lastKnownFileType = folder.assetcatalog; path = Assets.xcassets; sourceTree = "<group>"; };
		64A5D44E2B8B44D800B0E811 /* Preview Assets.xcassets */ = {isa = PBXFileReference; lastKnownFileType = folder.assetcatalog; path = "Preview Assets.xcassets"; sourceTree = "<group>"; };
		64EC6E822B9F243900FBCD4B /* RatingsView.swift */ = {isa = PBXFileReference; lastKnownFileType = sourcecode.swift; path = RatingsView.swift; sourceTree = "<group>"; };
/* End PBXFileReference section */

/* Begin PBXFrameworksBuildPhase section */
		64A5D4412B8B44D500B0E811 /* Frameworks */ = {
			isa = PBXFrameworksBuildPhase;
			buildActionMask = 2147483647;
			files = (
			);
			runOnlyForDeploymentPostprocessing = 0;
		};
/* End PBXFrameworksBuildPhase section */

/* Begin PBXGroup section */
		641F8FE22BB570160078FF90 /* PizzaMenu */ = {
			isa = PBXGroup;
			children = (
				641DAD792BAB362C00CCC70A /* FavoriteTileView.swift */,
				6412DD8D2B98D34E009CBBFA /* MenuView.swift */,
				6412DD8F2B98D417009CBBFA /* MenuItemView.swift */,
				6412DD912B98D434009CBBFA /* MenuRowView.swift */,
				641DAD752BAB31A200CCC70A /* MenuItemTileView.swift */,
				641DAD772BAB330200CCC70A /* MenuGridView.swift */,
			);
			path = PizzaMenu;
			sourceTree = "<group>";
		};
		641F8FE32BB570480078FF90 /* PizzaOrders */ = {
			isa = PBXGroup;
			children = (
				64832FE62BA858F600F18640 /* OrderItemView.swift */,
				6412DD8B2B98D321009CBBFA /* OrderView.swift */,
				6412DD932B98D44F009CBBFA /* OrderRowView.swift */,
			);
			path = PizzaOrders;
			sourceTree = "<group>";
		};
		64832FDF2BA6D92200F18640 /* Model */ = {
			isa = PBXGroup;
			children = (
				64832FDB2BA6D92200F18640 /* MenuItem.swift */,
				64832FDC2BA6D92200F18640 /* MenuModel.swift */,
				64832FDD2BA6D92200F18640 /* OrderItem.swift */,
				64832FDE2BA6D92200F18640 /* OrderModel.swift */,
			);
			path = Model;
			sourceTree = "<group>";
		};
		64A5D43B2B8B44D500B0E811 = {
			isa = PBXGroup;
			children = (
				64A5D4462B8B44D500B0E811 /* PizzaCorner */,
				64A5D4452B8B44D500B0E811 /* Products */,
			);
			sourceTree = "<group>";
		};
		64A5D4452B8B44D500B0E811 /* Products */ = {
			isa = PBXGroup;
			children = (
				64A5D4442B8B44D500B0E811 /* PizzaCorner.app */,
			);
			name = Products;
			sourceTree = "<group>";
		};
		64A5D4462B8B44D500B0E811 /* PizzaCorner */ = {
			isa = PBXGroup;
			children = (
				64A5D4472B8B44D500B0E811 /* PizzaCornerApp.swift */,
				64A5D4492B8B44D500B0E811 /* ContentView.swift */,
				64832FE42BA8467100F18640 /* StatusBarView.swift */,
				64EC6E822B9F243900FBCD4B /* RatingsView.swift */,
				6412DD952B98D471009CBBFA /* HeaderView.swift */,
				641F8FE22BB570160078FF90 /* PizzaMenu */,
				641F8FE32BB570480078FF90 /* PizzaOrders */,
				64832FDF2BA6D92200F18640 /* Model */,
				64A5D44B2B8B44D800B0E811 /* Assets.xcassets */,
				64A5D44D2B8B44D800B0E811 /* Preview Content */,
			);
			path = PizzaCorner;
			sourceTree = "<group>";
		};
		64A5D44D2B8B44D800B0E811 /* Preview Content */ = {
			isa = PBXGroup;
			children = (
				64A5D44E2B8B44D800B0E811 /* Preview Assets.xcassets */,
			);
			path = "Preview Content";
			sourceTree = "<group>";
		};
/* End PBXGroup section */

/* Begin PBXNativeTarget section */
		64A5D4432B8B44D500B0E811 /* PizzaCorner */ = {
			isa = PBXNativeTarget;
			buildConfigurationList = 64A5D4522B8B44D800B0E811 /* Build configuration list for PBXNativeTarget "PizzaCorner" */;
			buildPhases = (
				64A5D4402B8B44D500B0E811 /* Sources */,
				64A5D4412B8B44D500B0E811 /* Frameworks */,
				64A5D4422B8B44D500B0E811 /* Resources */,
			);
			buildRules = (
			);
			dependencies = (
			);
			name = PizzaCorner;
			productName = PizzaCorner;
			productReference = 64A5D4442B8B44D500B0E811 /* PizzaCorner.app */;
			productType = "com.apple.product-type.application";
		};
/* End PBXNativeTarget section */

/* Begin PBXProject section */
		64A5D43C2B8B44D500B0E811 /* Project object */ = {
			isa = PBXProject;
			attributes = {
				BuildIndependentTargetsInParallel = 1;
				LastSwiftUpdateCheck = 1430;
				LastUpgradeCheck = 1430;
				TargetAttributes = {
					64A5D4432B8B44D500B0E811 = {
						CreatedOnToolsVersion = 14.3;
					};
				};
			};
			buildConfigurationList = 64A5D43F2B8B44D500B0E811 /* Build configuration list for PBXProject "PizzaCorner" */;
			compatibilityVersion = "Xcode 14.0";
			developmentRegion = en;
			hasScannedForEncodings = 0;
			knownRegions = (
				en,
				Base,
			);
			mainGroup = 64A5D43B2B8B44D500B0E811;
			productRefGroup = 64A5D4452B8B44D500B0E811 /* Products */;
			projectDirPath = "";
			projectRoot = "";
			targets = (
				64A5D4432B8B44D500B0E811 /* PizzaCorner */,
			);
		};
/* End PBXProject section */

/* Begin PBXResourcesBuildPhase section */
		64A5D4422B8B44D500B0E811 /* Resources */ = {
			isa = PBXResourcesBuildPhase;
			buildActionMask = 2147483647;
			files = (
				64A5D44F2B8B44D800B0E811 /* Preview Assets.xcassets in Resources */,
				64A5D44C2B8B44D800B0E811 /* Assets.xcassets in Resources */,
			);
			runOnlyForDeploymentPostprocessing = 0;
		};
/* End PBXResourcesBuildPhase section */

/* Begin PBXSourcesBuildPhase section */
		64A5D4402B8B44D500B0E811 /* Sources */ = {
			isa = PBXSourcesBuildPhase;
			buildActionMask = 2147483647;
			files = (
				6412DD8C2B98D321009CBBFA /* OrderView.swift in Sources */,
				6412DD8E2B98D34E009CBBFA /* MenuView.swift in Sources */,
				641DAD7A2BAB362C00CCC70A /* FavoriteTileView.swift in Sources */,
				64A5D44A2B8B44D500B0E811 /* ContentView.swift in Sources */,
				64832FE32BA6D92200F18640 /* OrderModel.swift in Sources */,
				64A5D4482B8B44D500B0E811 /* PizzaCornerApp.swift in Sources */,
				64EC6E832B9F243900FBCD4B /* RatingsView.swift in Sources */,
				64832FE22BA6D92200F18640 /* OrderItem.swift in Sources */,
				64832FE72BA858F600F18640 /* OrderItemView.swift in Sources */,
				6412DD922B98D434009CBBFA /* MenuRowView.swift in Sources */,
				6412DD942B98D44F009CBBFA /* OrderRowView.swift in Sources */,
				64832FE12BA6D92200F18640 /* MenuModel.swift in Sources */,
				64832FE52BA8467100F18640 /* StatusBarView.swift in Sources */,
				641DAD782BAB330200CCC70A /* MenuGridView.swift in Sources */,
				6412DD902B98D417009CBBFA /* MenuItemView.swift in Sources */,
				6412DD962B98D471009CBBFA /* HeaderView.swift in Sources */,
				641DAD762BAB31A200CCC70A /* MenuItemTileView.swift in Sources */,
				64832FE02BA6D92200F18640 /* MenuItem.swift in Sources */,
			);
			runOnlyForDeploymentPostprocessing = 0;
		};
/* End PBXSourcesBuildPhase section */

/* Begin XCBuildConfiguration section */
		64A5D4502B8B44D800B0E811 /* Debug */ = {
			isa = XCBuildConfiguration;
			buildSettings = {
				ALWAYS_SEARCH_USER_PATHS = NO;
				CLANG_ANALYZER_NONNULL = YES;
				CLANG_ANALYZER_NUMBER_OBJECT_CONVERSION = YES_AGGRESSIVE;
				CLANG_CXX_LANGUAGE_STANDARD = "gnu++20";
				CLANG_ENABLE_MODULES = YES;
				CLANG_ENABLE_OBJC_ARC = YES;
				CLANG_ENABLE_OBJC_WEAK = YES;
				CLANG_WARN_BLOCK_CAPTURE_AUTORELEASING = YES;
				CLANG_WARN_BOOL_CONVERSION = YES;
				CLANG_WARN_COMMA = YES;
				CLANG_WARN_CONSTANT_CONVERSION = YES;
				CLANG_WARN_DEPRECATED_OBJC_IMPLEMENTATIONS = YES;
				CLANG_WARN_DIRECT_OBJC_ISA_USAGE = YES_ERROR;
				CLANG_WARN_DOCUMENTATION_COMMENTS = YES;
				CLANG_WARN_EMPTY_BODY = YES;
				CLANG_WARN_ENUM_CONVERSION = YES;
				CLANG_WARN_INFINITE_RECURSION = YES;
				CLANG_WARN_INT_CONVERSION = YES;
				CLANG_WARN_NON_LITERAL_NULL_CONVERSION = YES;
				CLANG_WARN_OBJC_IMPLICIT_RETAIN_SELF = YES;
				CLANG_WARN_OBJC_LITERAL_CONVERSION = YES;
				CLANG_WARN_OBJC_ROOT_CLASS = YES_ERROR;
				CLANG_WARN_QUOTED_INCLUDE_IN_FRAMEWORK_HEADER = YES;
				CLANG_WARN_RANGE_LOOP_ANALYSIS = YES;
				CLANG_WARN_STRICT_PROTOTYPES = YES;
				CLANG_WARN_SUSPICIOUS_MOVE = YES;
				CLANG_WARN_UNGUARDED_AVAILABILITY = YES_AGGRESSIVE;
				CLANG_WARN_UNREACHABLE_CODE = YES;
				CLANG_WARN__DUPLICATE_METHOD_MATCH = YES;
				COPY_PHASE_STRIP = NO;
				DEBUG_INFORMATION_FORMAT = dwarf;
				ENABLE_STRICT_OBJC_MSGSEND = YES;
				ENABLE_TESTABILITY = YES;
				GCC_C_LANGUAGE_STANDARD = gnu11;
				GCC_DYNAMIC_NO_PIC = NO;
				GCC_NO_COMMON_BLOCKS = YES;
				GCC_OPTIMIZATION_LEVEL = 0;
				GCC_PREPROCESSOR_DEFINITIONS = (
					"DEBUG=1",
					"$(inherited)",
				);
				GCC_WARN_64_TO_32_BIT_CONVERSION = YES;
				GCC_WARN_ABOUT_RETURN_TYPE = YES_ERROR;
				GCC_WARN_UNDECLARED_SELECTOR = YES;
				GCC_WARN_UNINITIALIZED_AUTOS = YES_AGGRESSIVE;
				GCC_WARN_UNUSED_FUNCTION = YES;
				GCC_WARN_UNUSED_VARIABLE = YES;
				IPHONEOS_DEPLOYMENT_TARGET = 16.4;
				MTL_ENABLE_DEBUG_INFO = INCLUDE_SOURCE;
				MTL_FAST_MATH = YES;
				ONLY_ACTIVE_ARCH = YES;
				SDKROOT = iphoneos;
				SWIFT_ACTIVE_COMPILATION_CONDITIONS = DEBUG;
				SWIFT_OPTIMIZATION_LEVEL = "-Onone";
			};
			name = Debug;
		};
		64A5D4512B8B44D800B0E811 /* Release */ = {
			isa = XCBuildConfiguration;
			buildSettings = {
				ALWAYS_SEARCH_USER_PATHS = NO;
				CLANG_ANALYZER_NONNULL = YES;
				CLANG_ANALYZER_NUMBER_OBJECT_CONVERSION = YES_AGGRESSIVE;
				CLANG_CXX_LANGUAGE_STANDARD = "gnu++20";
				CLANG_ENABLE_MODULES = YES;
				CLANG_ENABLE_OBJC_ARC = YES;
				CLANG_ENABLE_OBJC_WEAK = YES;
				CLANG_WARN_BLOCK_CAPTURE_AUTORELEASING = YES;
				CLANG_WARN_BOOL_CONVERSION = YES;
				CLANG_WARN_COMMA = YES;
				CLANG_WARN_CONSTANT_CONVERSION = YES;
				CLANG_WARN_DEPRECATED_OBJC_IMPLEMENTATIONS = YES;
				CLANG_WARN_DIRECT_OBJC_ISA_USAGE = YES_ERROR;
				CLANG_WARN_DOCUMENTATION_COMMENTS = YES;
				CLANG_WARN_EMPTY_BODY = YES;
				CLANG_WARN_ENUM_CONVERSION = YES;
				CLANG_WARN_INFINITE_RECURSION = YES;
				CLANG_WARN_INT_CONVERSION = YES;
				CLANG_WARN_NON_LITERAL_NULL_CONVERSION = YES;
				CLANG_WARN_OBJC_IMPLICIT_RETAIN_SELF = YES;
				CLANG_WARN_OBJC_LITERAL_CONVERSION = YES;
				CLANG_WARN_OBJC_ROOT_CLASS = YES_ERROR;
				CLANG_WARN_QUOTED_INCLUDE_IN_FRAMEWORK_HEADER = YES;
				CLANG_WARN_RANGE_LOOP_ANALYSIS = YES;
				CLANG_WARN_STRICT_PROTOTYPES = YES;
				CLANG_WARN_SUSPICIOUS_MOVE = YES;
				CLANG_WARN_UNGUARDED_AVAILABILITY = YES_AGGRESSIVE;
				CLANG_WARN_UNREACHABLE_CODE = YES;
				CLANG_WARN__DUPLICATE_METHOD_MATCH = YES;
				COPY_PHASE_STRIP = NO;
				DEBUG_INFORMATION_FORMAT = "dwarf-with-dsym";
				ENABLE_NS_ASSERTIONS = NO;
				ENABLE_STRICT_OBJC_MSGSEND = YES;
				GCC_C_LANGUAGE_STANDARD = gnu11;
				GCC_NO_COMMON_BLOCKS = YES;
				GCC_WARN_64_TO_32_BIT_CONVERSION = YES;
				GCC_WARN_ABOUT_RETURN_TYPE = YES_ERROR;
				GCC_WARN_UNDECLARED_SELECTOR = YES;
				GCC_WARN_UNINITIALIZED_AUTOS = YES_AGGRESSIVE;
				GCC_WARN_UNUSED_FUNCTION = YES;
				GCC_WARN_UNUSED_VARIABLE = YES;
				IPHONEOS_DEPLOYMENT_TARGET = 16.4;
				MTL_ENABLE_DEBUG_INFO = NO;
				MTL_FAST_MATH = YES;
				SDKROOT = iphoneos;
				SWIFT_COMPILATION_MODE = wholemodule;
				SWIFT_OPTIMIZATION_LEVEL = "-O";
				VALIDATE_PRODUCT = YES;
			};
			name = Release;
		};
		64A5D4532B8B44D800B0E811 /* Debug */ = {
			isa = XCBuildConfiguration;
			buildSettings = {
				ASSETCATALOG_COMPILER_APPICON_NAME = AppIcon;
				ASSETCATALOG_COMPILER_GLOBAL_ACCENT_COLOR_NAME = AccentColor;
				CODE_SIGN_STYLE = Automatic;
				CURRENT_PROJECT_VERSION = 1;
				DEVELOPMENT_ASSET_PATHS = "\"PizzaCorner/Preview Content\"";
				ENABLE_PREVIEWS = YES;
				GENERATE_INFOPLIST_FILE = YES;
				INFOPLIST_KEY_UIApplicationSceneManifest_Generation = YES;
				INFOPLIST_KEY_UIApplicationSupportsIndirectInputEvents = YES;
				INFOPLIST_KEY_UILaunchScreen_Generation = YES;
				INFOPLIST_KEY_UISupportedInterfaceOrientations_iPad = "UIInterfaceOrientationPortrait UIInterfaceOrientationPortraitUpsideDown UIInterfaceOrientationLandscapeLeft UIInterfaceOrientationLandscapeRight";
				INFOPLIST_KEY_UISupportedInterfaceOrientations_iPhone = "UIInterfaceOrientationPortrait UIInterfaceOrientationLandscapeLeft UIInterfaceOrientationLandscapeRight";
				LD_RUNPATH_SEARCH_PATHS = (
					"$(inherited)",
					"@executable_path/Frameworks",
				);
				MARKETING_VERSION = 1.0;
				PRODUCT_BUNDLE_IDENTIFIER = com.shoaib.PizzaCorner;
				PRODUCT_NAME = "$(TARGET_NAME)";
				SWIFT_EMIT_LOC_STRINGS = YES;
				SWIFT_VERSION = 5.0;
				TARGETED_DEVICE_FAMILY = "1,2";
			};
			name = Debug;
		};
		64A5D4542B8B44D800B0E811 /* Release */ = {
			isa = XCBuildConfiguration;
			buildSettings = {
				ASSETCATALOG_COMPILER_APPICON_NAME = AppIcon;
				ASSETCATALOG_COMPILER_GLOBAL_ACCENT_COLOR_NAME = AccentColor;
				CODE_SIGN_STYLE = Automatic;
				CURRENT_PROJECT_VERSION = 1;
				DEVELOPMENT_ASSET_PATHS = "\"PizzaCorner/Preview Content\"";
				ENABLE_PREVIEWS = YES;
				GENERATE_INFOPLIST_FILE = YES;
				INFOPLIST_KEY_UIApplicationSceneManifest_Generation = YES;
				INFOPLIST_KEY_UIApplicationSupportsIndirectInputEvents = YES;
				INFOPLIST_KEY_UILaunchScreen_Generation = YES;
				INFOPLIST_KEY_UISupportedInterfaceOrientations_iPad = "UIInterfaceOrientationPortrait UIInterfaceOrientationPortraitUpsideDown UIInterfaceOrientationLandscapeLeft UIInterfaceOrientationLandscapeRight";
				INFOPLIST_KEY_UISupportedInterfaceOrientations_iPhone = "UIInterfaceOrientationPortrait UIInterfaceOrientationLandscapeLeft UIInterfaceOrientationLandscapeRight";
				LD_RUNPATH_SEARCH_PATHS = (
					"$(inherited)",
					"@executable_path/Frameworks",
				);
				MARKETING_VERSION = 1.0;
				PRODUCT_BUNDLE_IDENTIFIER = com.shoaib.PizzaCorner;
				PRODUCT_NAME = "$(TARGET_NAME)";
				SWIFT_EMIT_LOC_STRINGS = YES;
				SWIFT_VERSION = 5.0;
				TARGETED_DEVICE_FAMILY = "1,2";
			};
			name = Release;
		};
/* End XCBuildConfiguration section */

/* Begin XCConfigurationList section */
		64A5D43F2B8B44D500B0E811 /* Build configuration list for PBXProject "PizzaCorner" */ = {
			isa = XCConfigurationList;
			buildConfigurations = (
				64A5D4502B8B44D800B0E811 /* Debug */,
				64A5D4512B8B44D800B0E811 /* Release */,
			);
			defaultConfigurationIsVisible = 0;
			defaultConfigurationName = Release;
		};
		64A5D4522B8B44D800B0E811 /* Build configuration list for PBXNativeTarget "PizzaCorner" */ = {
			isa = XCConfigurationList;
			buildConfigurations = (
				64A5D4532B8B44D800B0E811 /* Debug */,
				64A5D4542B8B44D800B0E811 /* Release */,
			);
			defaultConfigurationIsVisible = 0;
			defaultConfigurationName = Release;
		};
/* End XCConfigurationList section */
	};
	rootObject = 64A5D43C2B8B44D500B0E811 /* Project object */;
}
